
Microsoft Visual Studio Solution File, Format Version 12.00
# Visual Studio Version 17
VisualStudioVersion = 17.10.34916.146
MinimumVisualStudioVersion = 10.0.40219.1
Project("{8BC9CEB8-8B4A-11D0-8D11-00A0C91BC942}") = "Engine", "Engine.vcxproj", "{386B0288-9B9A-3397-9952-1035DD520E2D}"
EndProject
Global
	GlobalSection(SolutionConfigurationPlatforms) = preSolution
		Debug|x64 = Debug|x64
		Release|x64 = Release|x64
	EndGlobalSection
	GlobalSection(ProjectConfigurationPlatforms) = postSolution
		{386B0288-9B9A-3397-9952-1035DD520E2D}.Debug|x64.ActiveCfg = Debug|x64
		{386B0288-9B9A-3397-9952-1035DD520E2D}.Debug|x64.Build.0 = Debug|x64
		{386B0288-9B9A-3397-9952-1035DD520E2D}.Release|x64.ActiveCfg = Release|x64
		{386B0288-9B9A-3397-9952-1035DD520E2D}.Release|x64.Build.0 = Release|x64
	EndGlobalSection
	GlobalSection(SolutionProperties) = preSolution
		HideSolutionNode = FALSE
	EndGlobalSection
	GlobalSection(ExtensibilityGlobals) = postSolution
		SolutionGuid = {10516554-6D3C-4B30-A6E5-036785A3FC5B}
	EndGlobalSection
EndGlobal
